// !$*UTF8*$!
{
	archiveVersion = 1;
	classes = {
	};
	objectVersion = 46;
	objects = {

/* Begin PBXBuildFile section */
		AA3159741DA5484D0041C5DA /* AppDelegate.swift in Sources */ = {isa = PBXBuildFile; fileRef = AA3159731DA5484D0041C5DA /* AppDelegate.swift */; };
		AA3159761DA5484D0041C5DA /* ViewController.swift in Sources */ = {isa = PBXBuildFile; fileRef = AA3159751DA5484D0041C5DA /* ViewController.swift */; };
		AA3159791DA5484D0041C5DA /* Main.storyboard in Resources */ = {isa = PBXBuildFile; fileRef = AA3159771DA5484D0041C5DA /* Main.storyboard */; };
		AA31597B1DA5484D0041C5DA /* Assets.xcassets in Resources */ = {isa = PBXBuildFile; fileRef = AA31597A1DA5484D0041C5DA /* Assets.xcassets */; };
		AA31597E1DA5484D0041C5DA /* LaunchScreen.storyboard in Resources */ = {isa = PBXBuildFile; fileRef = AA31597C1DA5484D0041C5DA /* LaunchScreen.storyboard */; };
/* End PBXBuildFile section */

/* Begin PBXFileReference section */
		AA3159701DA5484D0041C5DA /* PushingNotifs.app */ = {isa = PBXFileReference; explicitFileType = wrapper.application; includeInIndex = 0; path = PushingNotifs.app; sourceTree = BUILT_PRODUCTS_DIR; };
		AA3159731DA5484D0041C5DA /* AppDelegate.swift */ = {isa = PBXFileReference; lastKnownFileType = sourcecode.swift; path = AppDelegate.swift; sourceTree = "<group>"; };
		AA3159751DA5484D0041C5DA /* ViewController.swift */ = {isa = PBXFileReference; lastKnownFileType = sourcecode.swift; path = ViewController.swift; sourceTree = "<group>"; };
		AA3159781DA5484D0041C5DA /* Base */ = {isa = PBXFileReference; lastKnownFileType = file.storyboard; name = Base; path = Base.lproj/Main.storyboard; sourceTree = "<group>"; };
		AA31597A1DA5484D0041C5DA /* Assets.xcassets */ = {isa = PBXFileReference; lastKnownFileType = folder.assetcatalog; path = Assets.xcassets; sourceTree = "<group>"; };
		AA31597D1DA5484D0041C5DA /* Base */ = {isa = PBXFileReference; lastKnownFileType = file.storyboard; name = Base; path = Base.lproj/LaunchScreen.storyboard; sourceTree = "<group>"; };
		AA31597F1DA5484D0041C5DA /* Info.plist */ = {isa = PBXFileReference; lastKnownFileType = text.plist.xml; path = Info.plist; sourceTree = "<group>"; };
/* End PBXFileReference section */

/* Begin PBXFrameworksBuildPhase section */
		AA31596D1DA5484D0041C5DA /* Frameworks */ = {
			isa = PBXFrameworksBuildPhase;
			buildActionMask = 2147483647;
			files = (
			);
			runOnlyForDeploymentPostprocessing = 0;
		};
/* End PBXFrameworksBuildPhase section */

/* Begin PBXGroup section */
		AA3159671DA5484D0041C5DA = {
			isa = PBXGroup;
			children = (
				AA3159721DA5484D0041C5DA /* PushingNotifs */,
				AA3159711DA5484D0041C5DA /* Products */,
			);
			sourceTree = "<group>";
		};
		AA3159711DA5484D0041C5DA /* Products */ = {
			isa = PBXGroup;
			children = (
				AA3159701DA5484D0041C5DA /* PushingNotifs.app */,
			);
			name = Products;
			sourceTree = "<group>";
		};
		AA3159721DA5484D0041C5DA /* PushingNotifs */ = {
			isa = PBXGroup;
			children = (
				AA3159731DA5484D0041C5DA /* AppDelegate.swift */,
				AA3159751DA5484D0041C5DA /* ViewController.swift */,
				AA3159771DA5484D0041C5DA /* Main.storyboard */,
				AA31597A1DA5484D0041C5DA /* Assets.xcassets */,
				AA31597C1DA5484D0041C5DA /* LaunchScreen.storyboard */,
				AA31597F1DA5484D0041C5DA /* Info.plist */,
			);
			path = PushingNotifs;
			sourceTree = "<group>";
		};
/* End PBXGroup section */

/* Begin PBXNativeTarget section */
		AA31596F1DA5484D0041C5DA /* PushingNotifs */ = {
			isa = PBXNativeTarget;
			buildConfigurationList = AA3159821DA5484D0041C5DA /* Build configuration list for PBXNativeTarget "PushingNotifs" */;
			buildPhases = (
				AA31596C1DA5484D0041C5DA /* Sources */,
				AA31596D1DA5484D0041C5DA /* Frameworks */,
				AA31596E1DA5484D0041C5DA /* Resources */,
			);
			buildRules = (
			);
			dependencies = (
			);
			name = PushingNotifs;
			productName = PushingNotifs;
			productReference = AA3159701DA5484D0041C5DA /* PushingNotifs.app */;
			productType = "com.apple.product-type.application";
		};
/* End PBXNativeTarget section */

/* Begin PBXProject section */
		AA3159681DA5484D0041C5DA /* Project object */ = {
			isa = PBXProject;
			attributes = {
				LastSwiftUpdateCheck = 0800;
				LastUpgradeCheck = 0800;
				ORGANIZATIONNAME = smbss;
				TargetAttributes = {
					AA31596F1DA5484D0041C5DA = {
						CreatedOnToolsVersion = 8.0;
						DevelopmentTeam = WN5533YL4C;
						ProvisioningStyle = Automatic;
					};
				};
			};
			buildConfigurationList = AA31596B1DA5484D0041C5DA /* Build configuration list for PBXProject "PushingNotifs" */;
			compatibilityVersion = "Xcode 3.2";
			developmentRegion = English;
			hasScannedForEncodings = 0;
			knownRegions = (
				en,
				Base,
			);
			mainGroup = AA3159671DA5484D0041C5DA;
			productRefGroup = AA3159711DA5484D0041C5DA /* Products */;
			projectDirPath = "";
			projectRoot = "";
			targets = (
				AA31596F1DA5484D0041C5DA /* PushingNotifs */,
			);
		};
/* End PBXProject section */

/* Begin PBXResourcesBuildPhase section */
		AA31596E1DA5484D0041C5DA /* Resources */ = {
			isa = PBXResourcesBuildPhase;
			buildActionMask = 2147483647;
			files = (
				AA31597E1DA5484D0041C5DA /* LaunchScreen.storyboard in Resources */,
				AA31597B1DA5484D0041C5DA /* Assets.xcassets in Resources */,
				AA3159791DA5484D0041C5DA /* Main.storyboard in Resources */,
			);
			runOnlyForDeploymentPostprocessing = 0;
		};
/* End PBXResourcesBuildPhase section */

/* Begin PBXSourcesBuildPhase section */
		AA31596C1DA5484D0041C5DA /* Sources */ = {
			isa = PBXSourcesBuildPhase;
			buildActionMask = 2147483647;
			files = (
				AA3159761DA5484D0041C5DA /* ViewController.swift in Sources */,
				AA3159741DA5484D0041C5DA /* AppDelegate.swift in Sources */,
			);
			runOnlyForDeploymentPostprocessing = 0;
		};
/* End PBXSourcesBuildPhase section */

/* Begin PBXVariantGroup section */
		AA3159771DA5484D0041C5DA /* Main.storyboard */ = {
			isa = PBXVariantGroup;
			children = (
				AA3159781DA5484D0041C5DA /* Base */,
			);
			name = Main.storyboard;
			sourceTree = "<group>";
		};
		AA31597C1DA5484D0041C5DA /* LaunchScreen.storyboard */ = {
			isa = PBXVariantGroup;
			children = (
				AA31597D1DA5484D0041C5DA /* Base */,
			);
			name = LaunchScreen.storyboard;
			sourceTree = "<group>";
		};
/* End PBXVariantGroup section */

/* Begin XCBuildConfiguration section */
		AA3159801DA5484D0041C5DA /* Debug */ = {
			isa = XCBuildConfiguration;
			buildSettings = {
				ALWAYS_SEARCH_USER_PATHS = NO;
				CLANG_ANALYZER_NONNULL = YES;
				CLANG_CXX_LANGUAGE_STANDARD = "gnu++0x";
				CLANG_CXX_LIBRARY = "libc++";
				CLANG_ENABLE_MODULES = YES;
				CLANG_ENABLE_OBJC_ARC = YES;
				CLANG_WARN_BOOL_CONVERSION = YES;
				CLANG_WARN_CONSTANT_CONVERSION = YES;
				CLANG_WARN_DIRECT_OBJC_ISA_USAGE = YES_ERROR;
				CLANG_WARN_DOCUMENTATION_COMMENTS = YES;
				CLANG_WARN_EMPTY_BODY = YES;
				CLANG_WARN_ENUM_CONVERSION = YES;
				CLANG_WARN_INFINITE_RECURSION = YES;
				CLANG_WARN_INT_CONVERSION = YES;
				CLANG_WARN_OBJC_ROOT_CLASS = YES_ERROR;
				CLANG_WARN_SUSPICIOUS_MOVES = YES;
				CLANG_WARN_UNREACHABLE_CODE = YES;
				CLANG_WARN__DUPLICATE_METHOD_MATCH = YES;
				"CODE_SIGN_IDENTITY[sdk=iphoneos*]" = "iPhone Developer";
				COPY_PHASE_STRIP = NO;
				DEBUG_INFORMATION_FORMAT = dwarf;
				ENABLE_STRICT_OBJC_MSGSEND = YES;
				ENABLE_TESTABILITY = YES;
				GCC_C_LANGUAGE_STANDARD = gnu99;
				GCC_DYNAMIC_NO_PIC = NO;
				GCC_NO_COMMON_BLOCKS = YES;
				GCC_OPTIMIZATION_LEVEL = 0;
				GCC_PREPROCESSOR_DEFINITIONS = (
					"DEBUG=1",
					"$(inherited)",
				);
				GCC_WARN_64_TO_32_BIT_CONVERSION = YES;
				GCC_WARN_ABOUT_RETURN_TYPE = YES_ERROR;
				GCC_WARN_UNDECLARED_SELECTOR = YES;
				GCC_WARN_UNINITIALIZED_AUTOS = YES_AGGRESSIVE;
				GCC_WARN_UNUSED_FUNCTION = YES;
				GCC_WARN_UNUSED_VARIABLE = YES;
				IPHONEOS_DEPLOYMENT_TARGET = 10.0;
				MTL_ENABLE_DEBUG_INFO = YES;
				ONLY_ACTIVE_ARCH = YES;
				SDKROOT = iphoneos;
				SWIFT_ACTIVE_COMPILATION_CONDITIONS = DEBUG;
				SWIFT_OPTIMIZATION_LEVEL = "-Onone";
				TARGETED_DEVICE_FAMILY = "1,2";
			};
			name = Debug;
		};
		AA3159811DA5484D0041C5DA /* Release */ = {
			isa = XCBuildConfiguration;
			buildSettings = {
				ALWAYS_SEARCH_USER_PATHS = NO;
				CLANG_ANALYZER_NONNULL = YES;
				CLANG_CXX_LANGUAGE_STANDARD = "gnu++0x";
				CLANG_CXX_LIBRARY = "libc++";
				CLANG_ENABLE_MODULES = YES;
				CLANG_ENABLE_OBJC_ARC = YES;
				CLANG_WARN_BOOL_CONVERSION = YES;
				CLANG_WARN_CONSTANT_CONVERSION = YES;
				CLANG_WARN_DIRECT_OBJC_ISA_USAGE = YES_ERROR;
				CLANG_WARN_DOCUMENTATION_COMMENTS = YES;
				CLANG_WARN_EMPTY_BODY = YES;
				CLANG_WARN_ENUM_CONVERSION = YES;
				CLANG_WARN_INFINITE_RECURSION = YES;
				CLANG_WARN_INT_CONVERSION = YES;
				CLANG_WARN_OBJC_ROOT_CLASS = YES_ERROR;
				CLANG_WARN_SUSPICIOUS_MOVES = YES;
				CLANG_WARN_UNREACHABLE_CODE = YES;
				CLANG_WARN__DUPLICATE_METHOD_MATCH = YES;
				"CODE_SIGN_IDENTITY[sdk=iphoneos*]" = "iPhone Developer";
				COPY_PHASE_STRIP = NO;
				DEBUG_INFORMATION_FORMAT = "dwarf-with-dsym";
				ENABLE_NS_ASSERTIONS = NO;
				ENABLE_STRICT_OBJC_MSGSEND = YES;
				GCC_C_LANGUAGE_STANDARD = gnu99;
				GCC_NO_COMMON_BLOCKS = YES;
				GCC_WARN_64_TO_32_BIT_CONVERSION = YES;
				GCC_WARN_ABOUT_RETURN_TYPE = YES_ERROR;
				GCC_WARN_UNDECLARED_SELECTOR = YES;
				GCC_WARN_UNINITIALIZED_AUTOS = YES_AGGRESSIVE;
				GCC_WARN_UNUSED_FUNCTION = YES;
				GCC_WARN_UNUSED_VARIABLE = YES;
				IPHONEOS_DEPLOYMENT_TARGET = 10.0;
				MTL_ENABLE_DEBUG_INFO = NO;
				SDKROOT = iphoneos;
				SWIFT_OPTIMIZATION_LEVEL = "-Owholemodule";
				TARGETED_DEVICE_FAMILY = "1,2";
				VALIDATE_PRODUCT = YES;
			};
			name = Release;
		};
		AA3159831DA5484D0041C5DA /* Debug */ = {
			isa = XCBuildConfiguration;
			buildSettings = {
				ASSETCATALOG_COMPILER_APPICON_NAME = AppIcon;
				DEVELOPMENT_TEAM = WN5533YL4C;
				INFOPLIST_FILE = PushingNotifs/Info.plist;
				LD_RUNPATH_SEARCH_PATHS = "$(inherited) @executable_path/Frameworks";
				PRODUCT_BUNDLE_IDENTIFIER = com.smbss.PushingNotifs;
				PRODUCT_NAME = "$(TARGET_NAME)";
				SWIFT_VERSION = 3.0;
			};
			name = Debug;
		};
		AA3159841DA5484D0041C5DA /* Release */ = {
			isa = XCBuildConfiguration;
			buildSettings = {
				ASSETCATALOG_COMPILER_APPICON_NAME = AppIcon;
				DEVELOPMENT_TEAM = WN5533YL4C;
				INFOPLIST_FILE = PushingNotifs/Info.plist;
				LD_RUNPATH_SEARCH_PATHS = "$(inherited) @executable_path/Frameworks";
				PRODUCT_BUNDLE_IDENTIFIER = com.smbss.PushingNotifs;
				PRODUCT_NAME = "$(TARGET_NAME)";
				SWIFT_VERSION = 3.0;
			};
			name = Release;
		};
/* End XCBuildConfiguration section */

/* Begin XCConfigurationList section */
		AA31596B1DA5484D0041C5DA /* Build configuration list for PBXProject "PushingNotifs" */ = {
			isa = XCConfigurationList;
			buildConfigurations = (
				AA3159801DA5484D0041C5DA /* Debug */,
				AA3159811DA5484D0041C5DA /* Release */,
			);
			defaultConfigurationIsVisible = 0;
			defaultConfigurationName = Release;
		};
		AA3159821DA5484D0041C5DA /* Build configuration list for PBXNativeTarget "PushingNotifs" */ = {
			isa = XCConfigurationList;
			buildConfigurations = (
				AA3159831DA5484D0041C5DA /* Debug */,
				AA3159841DA5484D0041C5DA /* Release */,
			);
			defaultConfigurationIsVisible = 0;
		};
/* End XCConfigurationList section */
	};
	rootObject = AA3159681DA5484D0041C5DA /* Project object */;
}
